
Microsoft Visual Studio Solution File, Format Version 12.00
# Visual Studio Version 16
VisualStudioVersion = 16.0.31727.386
MinimumVisualStudioVersion = 10.0.40219.1
Project("{8BC9CEB8-8B4A-11D0-8D11-00A0C91BC942}") = "Kirill M rgr1", "Kirill M rgr1\Kirill M rgr1.vcxproj", "{6B39F60E-293F-460F-8361-8D9D0CF63445}"
EndProject
Project("{8BC9CEB8-8B4A-11D0-8D11-00A0C91BC942}") = "Kirill M rgr 2", "Kirill M rgr 2\Kirill M rgr 2.vcxproj", "{2B5FA38B-BEE3-4048-B797-B272B9B5B030}"
EndProject
Project("{8BC9CEB8-8B4A-11D0-8D11-00A0C91BC942}") = "Kirill rgr z3", "Kirill rgr z3\Kirill rgr z3.vcxproj", "{FF322AEB-4D87-47C6-AFBE-B1A4F4ABE298}"
EndProject
Global
	GlobalSection(SolutionConfigurationPlatforms) = preSolution
		Debug|x64 = Debug|x64
		Debug|x86 = Debug|x86
		Release|x64 = Release|x64
		Release|x86 = Release|x86
	EndGlobalSection
	GlobalSection(ProjectConfigurationPlatforms) = postSolution
		{6B39F60E-293F-460F-8361-8D9D0CF63445}.Debug|x64.ActiveCfg = Debug|x64
		{6B39F60E-293F-460F-8361-8D9D0CF63445}.Debug|x64.Build.0 = Debug|x64
		{6B39F60E-293F-460F-8361-8D9D0CF63445}.Debug|x86.ActiveCfg = Debug|Win32
		{6B39F60E-293F-460F-8361-8D9D0CF63445}.Debug|x86.Build.0 = Debug|Win32
		{6B39F60E-293F-460F-8361-8D9D0CF63445}.Release|x64.ActiveCfg = Release|x64
		{6B39F60E-293F-460F-8361-8D9D0CF63445}.Release|x64.Build.0 = Release|x64
		{6B39F60E-293F-460F-8361-8D9D0CF63445}.Release|x86.ActiveCfg = Release|Win32
		{6B39F60E-293F-460F-8361-8D9D0CF63445}.Release|x86.Build.0 = Release|Win32
		{2B5FA38B-BEE3-4048-B797-B272B9B5B030}.Debug|x64.ActiveCfg = Debug|x64
		{2B5FA38B-BEE3-4048-B797-B272B9B5B030}.Debug|x64.Build.0 = Debug|x64
		{2B5FA38B-BEE3-4048-B797-B272B9B5B030}.Debug|x86.ActiveCfg = Debug|Win32
		{2B5FA38B-BEE3-4048-B797-B272B9B5B030}.Debug|x86.Build.0 = Debug|Win32
		{2B5FA38B-BEE3-4048-B797-B272B9B5B030}.Release|x64.ActiveCfg = Release|x64
		{2B5FA38B-BEE3-4048-B797-B272B9B5B030}.Release|x64.Build.0 = Release|x64
		{2B5FA38B-BEE3-4048-B797-B272B9B5B030}.Release|x86.ActiveCfg = Release|Win32
		{2B5FA38B-BEE3-4048-B797-B272B9B5B030}.Release|x86.Build.0 = Release|Win32
		{FF322AEB-4D87-47C6-AFBE-B1A4F4ABE298}.Debug|x64.ActiveCfg = Debug|x64
		{FF322AEB-4D87-47C6-AFBE-B1A4F4ABE298}.Debug|x64.Build.0 = Debug|x64
		{FF322AEB-4D87-47C6-AFBE-B1A4F4ABE298}.Debug|x86.ActiveCfg = Debug|Win32
		{FF322AEB-4D87-47C6-AFBE-B1A4F4ABE298}.Debug|x86.Build.0 = Debug|Win32
		{FF322AEB-4D87-47C6-AFBE-B1A4F4ABE298}.Release|x64.ActiveCfg = Release|x64
		{FF322AEB-4D87-47C6-AFBE-B1A4F4ABE298}.Release|x64.Build.0 = Release|x64
		{FF322AEB-4D87-47C6-AFBE-B1A4F4ABE298}.Release|x86.ActiveCfg = Release|Win32
		{FF322AEB-4D87-47C6-AFBE-B1A4F4ABE298}.Release|x86.Build.0 = Release|Win32
	EndGlobalSection
	GlobalSection(SolutionProperties) = preSolution
		HideSolutionNode = FALSE
	EndGlobalSection
	GlobalSection(ExtensibilityGlobals) = postSolution
		SolutionGuid = {8D113D0B-384B-46CB-A749-124DC0C5504C}
	EndGlobalSection
EndGlobal
